
Microsoft Visual Studio Solution File, Format Version 12.00
Project("{FAE04EC0-301F-11D3-BF4B-00C04F79EFBC}") = "Interpreter", "Interpreter\Interpreter.csproj", "{E78F9AEB-91B8-428B-BF52-9D32E8A1133C}"
EndProject
Project("{FAE04EC0-301F-11D3-BF4B-00C04F79EFBC}") = "Interpreter.Test", "Interpreter.Test\Interpreter.Test.csproj", "{DA02136A-9F00-473C-A637-E9BE792C617A}"
	ProjectSection(ProjectDependencies) = postProject
		{E78F9AEB-91B8-428B-BF52-9D32E8A1133C} = {E78F9AEB-91B8-428B-BF52-9D32E8A1133C}
	EndProjectSection
EndProject
Global
	GlobalSection(SolutionConfigurationPlatforms) = preSolution
		Debug|Any CPU = Debug|Any CPU
		Release|Any CPU = Release|Any CPU
	EndGlobalSection
	GlobalSection(ProjectConfigurationPlatforms) = postSolution
		{E78F9AEB-91B8-428B-BF52-9D32E8A1133C}.Debug|Any CPU.ActiveCfg = Debug|Any CPU
		{E78F9AEB-91B8-428B-BF52-9D32E8A1133C}.Debug|Any CPU.Build.0 = Debug|Any CPU
		{E78F9AEB-91B8-428B-BF52-9D32E8A1133C}.Release|Any CPU.ActiveCfg = Release|Any CPU
		{E78F9AEB-91B8-428B-BF52-9D32E8A1133C}.Release|Any CPU.Build.0 = Release|Any CPU
		{DA02136A-9F00-473C-A637-E9BE792C617A}.Debug|Any CPU.ActiveCfg = Debug|Any CPU
		{DA02136A-9F00-473C-A637-E9BE792C617A}.Debug|Any CPU.Build.0 = Debug|Any CPU
		{DA02136A-9F00-473C-A637-E9BE792C617A}.Release|Any CPU.ActiveCfg = Release|Any CPU
		{DA02136A-9F00-473C-A637-E9BE792C617A}.Release|Any CPU.Build.0 = Release|Any CPU
	EndGlobalSection
EndGlobal
